<?xml version="1.0" encoding="utf-8"?>
<Project ToolsVersion="4.0" xmlns="http://schemas.microsoft.com/developer/msbuild/2003">
  <ItemGroup>
    <Filter Include="ソース ファイル">
      <UniqueIdentifier>{4FC737F1-C7A5-4376-A066-2A32D752A2FF}</UniqueIdentifier>
      <Extensions>cpp;c;cc;cxx;def;odl;idl;hpj;bat;asm;asmx</Extensions>
    </Filter>
    <Filter Include="ヘッダー ファイル">
      <UniqueIdentifier>{93995380-89BD-4b04-88EB-625FBE52EBFB}</UniqueIdentifier>
      <Extensions>h;hh;hpp;hxx;hm;inl;inc;ipp;xsd</Extensions>
    </Filter>
    <Filter Include="リソース ファイル">
      <UniqueIdentifier>{67DA6AB6-F800-4c08-8B7A-83BB121AAD01}</UniqueIdentifier>
      <Extensions>rc;ico;cur;bmp;dlg;rc2;rct;bin;rgs;gif;jpg;jpeg;jpe;resx;tiff;tif;png;wav;mfcribbon-ms</Extensions>
    </Filter>
    <Filter Include="ソース ファイル\base">
      <UniqueIdentifier>{dc1d2750-a9c6-46a2-b83d-18eaa7b6724e}</UniqueIdentifier>
    </Filter>
    <Filter Include="ソース ファイル\input">
      <UniqueIdentifier>{cc416bd7-8d31-4122-9d8f-91c090228fd1}</UniqueIdentifier>
    </Filter>
    <Filter Include="ソース ファイル\object">
      <UniqueIdentifier>{c540cadd-2fa1-4f34-b78e-123dab6cb72e}</UniqueIdentifier>
    </Filter>
    <Filter Include="ヘッダー ファイル\object">
      <UniqueIdentifier>{c02bb8ce-4355-4c52-a12e-6a3370dfe395}</UniqueIdentifier>
    </Filter>
    <Filter Include="ヘッダー ファイル\base">
      <UniqueIdentifier>{8a7af771-a92a-400a-8796-8a17af259562}</UniqueIdentifier>
    </Filter>
    <Filter Include="ヘッダー ファイル\input">
      <UniqueIdentifier>{ee8c07e4-7254-4115-9e26-ca2f45af5cc7}</UniqueIdentifier>
    </Filter>
    <Filter Include="ソース ファイル\audio">
      <UniqueIdentifier>{9fce92f5-0cce-4dc5-a8c6-f20485cdd578}</UniqueIdentifier>
    </Filter>
    <Filter Include="ヘッダー ファイル\audio">
      <UniqueIdentifier>{efbf611b-35ce-4086-b30e-715c3ce3deb2}</UniqueIdentifier>
    </Filter>
    <Filter Include="ソース ファイル\base\scene">
      <UniqueIdentifier>{129eebe6-2013-4a62-9fd8-4805bb68d5ea}</UniqueIdentifier>
    </Filter>
    <Filter Include="ヘッダー ファイル\base\scene">
      <UniqueIdentifier>{498574eb-e427-41d6-bf54-2b70648cb956}</UniqueIdentifier>
    </Filter>
    <Filter Include="ソース ファイル\easing">
      <UniqueIdentifier>{e470ca98-3a2d-4155-9562-3c8652afefb7}</UniqueIdentifier>
    </Filter>
    <Filter Include="ヘッダー ファイル\easing">
      <UniqueIdentifier>{e92024f4-d8b1-4d65-a8e7-b2ef5be3fe0d}</UniqueIdentifier>
    </Filter>
    <Filter Include="ヘッダー ファイル\gameSystem">
      <UniqueIdentifier>{40170686-0005-4c77-a059-09973cdefe66}</UniqueIdentifier>
    </Filter>
    <Filter Include="ソース ファイル\gameSystem">
      <UniqueIdentifier>{ab56752e-c6c6-4510-8bc4-20575db287c4}</UniqueIdentifier>
    </Filter>
    <Filter Include="ソース ファイル\object\gameObject">
      <UniqueIdentifier>{e5479656-77d3-4409-b074-5f3b2891de6b}</UniqueIdentifier>
    </Filter>
    <Filter Include="ヘッダー ファイル\object\gameObject">
      <UniqueIdentifier>{8b49e50d-92fd-4dee-8810-2510f95a5722}</UniqueIdentifier>
    </Filter>
    <Filter Include="ヘッダー ファイル\gameSystem\Collision">
      <UniqueIdentifier>{201cff60-89c0-4058-8964-c307f9a3bfde}</UniqueIdentifier>
    </Filter>
    <Filter Include="ソース ファイル\gameSystem\Collision">
      <UniqueIdentifier>{2ec46d9d-0536-4eab-ac85-3fb7805a02aa}</UniqueIdentifier>
    </Filter>
  </ItemGroup>
  <ItemGroup>
    <ClCompile Include="main.cpp">
      <Filter>ソース ファイル</Filter>
    </ClCompile>
    <ClCompile Include="include\audio\Audio.cpp">
      <Filter>ソース ファイル\audio</Filter>
    </ClCompile>
    <ClCompile Include="include\base\EndScene.cpp">
      <Filter>ソース ファイル\base\scene</Filter>
    </ClCompile>
    <ClCompile Include="include\base\GameScene.cpp">
      <Filter>ソース ファイル\base\scene</Filter>
    </ClCompile>
    <ClCompile Include="include\base\SceneManager.cpp">
      <Filter>ソース ファイル\base\scene</Filter>
    </ClCompile>
    <ClCompile Include="include\base\TitleScene.cpp">
      <Filter>ソース ファイル\base\scene</Filter>
    </ClCompile>
    <ClCompile Include="include\base\Camera.cpp">
      <Filter>ソース ファイル\base</Filter>
    </ClCompile>
    <ClCompile Include="include\base\FrameFixed.cpp">
      <Filter>ソース ファイル\base</Filter>
    </ClCompile>
    <ClCompile Include="include\base\MyDirectX12.cpp">
      <Filter>ソース ファイル\base</Filter>
    </ClCompile>
    <ClCompile Include="include\base\MyWindow.cpp">
      <Filter>ソース ファイル\base</Filter>
    </ClCompile>
    <ClCompile Include="include\easing\Easing.cpp">
      <Filter>ソース ファイル\easing</Filter>
    </ClCompile>
    <ClCompile Include="include\gameSystem\AttackBase.cpp">
      <Filter>ソース ファイル\gameSystem</Filter>
    </ClCompile>
    <ClCompile Include="include\gameSystem\GameFunction.cpp">
      <Filter>ソース ファイル\gameSystem</Filter>
    </ClCompile>
    <ClCompile Include="include\input\Input.cpp">
      <Filter>ソース ファイル\input</Filter>
    </ClCompile>
    <ClCompile Include="include\input\XinputControll.cpp">
      <Filter>ソース ファイル\input</Filter>
    </ClCompile>
    <ClCompile Include="include\object\Boss.cpp">
      <Filter>ソース ファイル\object\gameObject</Filter>
    </ClCompile>
    <ClCompile Include="include\object\Enemy.cpp">
      <Filter>ソース ファイル\object\gameObject</Filter>
    </ClCompile>
    <ClCompile Include="include\object\ObjectManager.cpp">
      <Filter>ソース ファイル\object\gameObject</Filter>
    </ClCompile>
    <ClCompile Include="include\object\Player.cpp">
      <Filter>ソース ファイル\object\gameObject</Filter>
    </ClCompile>
    <ClCompile Include="include\object\Model.cpp">
      <Filter>ソース ファイル\object</Filter>
    </ClCompile>
    <ClCompile Include="include\object\Object.cpp">
      <Filter>ソース ファイル\object</Filter>
    </ClCompile>
    <ClCompile Include="include\object\Sprite2D.cpp">
      <Filter>ソース ファイル\object</Filter>
    </ClCompile>
    <ClCompile Include="include\gameSystem\Collision\Collision.cpp">
      <Filter>ソース ファイル\gameSystem\Collision</Filter>
    </ClCompile>
    <ClCompile Include="include\gameSystem\Collision\CollisionCapsule2D.cpp">
      <Filter>ソース ファイル\gameSystem\Collision</Filter>
    </ClCompile>
    <ClCompile Include="include\gameSystem\Collision\CollisionCapsule3D.cpp">
      <Filter>ソース ファイル\gameSystem\Collision</Filter>
    </ClCompile>
    <ClCompile Include="include\gameSystem\Collision\CollisionCircle.cpp">
      <Filter>ソース ファイル\gameSystem\Collision</Filter>
    </ClCompile>
    <ClCompile Include="include\gameSystem\Collision\CollisionLine2D.cpp">
      <Filter>ソース ファイル\gameSystem\Collision</Filter>
    </ClCompile>
    <ClCompile Include="include\gameSystem\Collision\CollisionLine3D.cpp">
      <Filter>ソース ファイル\gameSystem\Collision</Filter>
    </ClCompile>
    <ClCompile Include="include\gameSystem\Collision\CollisionSegment2D.cpp">
      <Filter>ソース ファイル\gameSystem\Collision</Filter>
    </ClCompile>
    <ClCompile Include="include\gameSystem\Collision\CollisionSegment3D.cpp">
      <Filter>ソース ファイル\gameSystem\Collision</Filter>
    </ClCompile>
    <ClCompile Include="include\gameSystem\Collision\CollisionSphere.cpp">
      <Filter>ソース ファイル\gameSystem\Collision</Filter>
    </ClCompile>
    <ClCompile Include="include\gameSystem\Collision\CollisionTriangle2D.cpp">
      <Filter>ソース ファイル\gameSystem\Collision</Filter>
    </ClCompile>
    <ClCompile Include="include\gameSystem\Collision\Float2.cpp">
      <Filter>ソース ファイル\gameSystem\Collision</Filter>
    </ClCompile>
    <ClCompile Include="include\gameSystem\Collision\Float3.cpp">
      <Filter>ソース ファイル\gameSystem\Collision</Filter>
    </ClCompile>
    <ClCompile Include="include\gameSystem\Collision\Vector2.cpp">
      <Filter>ソース ファイル\gameSystem\Collision</Filter>
    </ClCompile>
    <ClCompile Include="include\gameSystem\Collision\Vector3.cpp">
      <Filter>ソース ファイル\gameSystem\Collision</Filter>
    </ClCompile>
  </ItemGroup>
  <ItemGroup>
    <ClInclude Include="include\audio\Audio.h">
      <Filter>ヘッダー ファイル\audio</Filter>
    </ClInclude>
    <ClInclude Include="include\base\EndScene.h">
      <Filter>ヘッダー ファイル\base\scene</Filter>
    </ClInclude>
    <ClInclude Include="include\base\GameScene.h">
      <Filter>ヘッダー ファイル\base\scene</Filter>
    </ClInclude>
    <ClInclude Include="include\base\Scene.h">
      <Filter>ヘッダー ファイル\base\scene</Filter>
    </ClInclude>
    <ClInclude Include="include\base\SceneManager.h">
      <Filter>ヘッダー ファイル\base\scene</Filter>
    </ClInclude>
    <ClInclude Include="include\base\TitleScene.h">
      <Filter>ヘッダー ファイル\base\scene</Filter>
    </ClInclude>
    <ClInclude Include="include\base\Camera.h">
      <Filter>ヘッダー ファイル\base</Filter>
    </ClInclude>
    <ClInclude Include="include\base\FrameFixed.h">
      <Filter>ヘッダー ファイル\base</Filter>
    </ClInclude>
    <ClInclude Include="include\base\MyDirectX12.h">
      <Filter>ヘッダー ファイル\base</Filter>
    </ClInclude>
    <ClInclude Include="include\base\MyWindow.h">
      <Filter>ヘッダー ファイル\base</Filter>
    </ClInclude>
    <ClInclude Include="include\easing\Easing.h">
      <Filter>ヘッダー ファイル\easing</Filter>
    </ClInclude>
    <ClInclude Include="include\gameSystem\Collision\CollidePrimitive.h">
      <Filter>ヘッダー ファイル\gameSystem\Collision</Filter>
    </ClInclude>
    <ClInclude Include="include\gameSystem\Collision\Collision.h">
      <Filter>ヘッダー ファイル\gameSystem\Collision</Filter>
    </ClInclude>
    <ClInclude Include="include\gameSystem\Collision\CollisionCapsule2D.h">
      <Filter>ヘッダー ファイル\gameSystem\Collision</Filter>
    </ClInclude>
    <ClInclude Include="include\gameSystem\Collision\CollisionCapsule3D.h">
      <Filter>ヘッダー ファイル\gameSystem\Collision</Filter>
    </ClInclude>
    <ClInclude Include="include\gameSystem\Collision\CollisionCircle.h">
      <Filter>ヘッダー ファイル\gameSystem\Collision</Filter>
    </ClInclude>
    <ClInclude Include="include\gameSystem\Collision\CollisionLine2D.h">
      <Filter>ヘッダー ファイル\gameSystem\Collision</Filter>
    </ClInclude>
    <ClInclude Include="include\gameSystem\Collision\CollisionLine3D.h">
      <Filter>ヘッダー ファイル\gameSystem\Collision</Filter>
    </ClInclude>
    <ClInclude Include="include\gameSystem\Collision\CollisionPoint.h">
      <Filter>ヘッダー ファイル\gameSystem\Collision</Filter>
    </ClInclude>
    <ClInclude Include="include\gameSystem\Collision\CollisionRay.h">
      <Filter>ヘッダー ファイル\gameSystem\Collision</Filter>
    </ClInclude>
    <ClInclude Include="include\gameSystem\Collision\CollisionSegment2D.h">
      <Filter>ヘッダー ファイル\gameSystem\Collision</Filter>
    </ClInclude>
    <ClInclude Include="include\gameSystem\Collision\CollisionSegment3D.h">
      <Filter>ヘッダー ファイル\gameSystem\Collision</Filter>
    </ClInclude>
    <ClInclude Include="include\gameSystem\Collision\CollisionSphere.h">
      <Filter>ヘッダー ファイル\gameSystem\Collision</Filter>
    </ClInclude>
    <ClInclude Include="include\gameSystem\Collision\CollisionTriangle2D.h">
      <Filter>ヘッダー ファイル\gameSystem\Collision</Filter>
    </ClInclude>
    <ClInclude Include="include\gameSystem\Collision\Float2.h">
      <Filter>ヘッダー ファイル\gameSystem\Collision</Filter>
    </ClInclude>
    <ClInclude Include="include\gameSystem\Collision\Float3.h">
      <Filter>ヘッダー ファイル\gameSystem\Collision</Filter>
    </ClInclude>
    <ClInclude Include="include\gameSystem\Collision\Vector2.h">
      <Filter>ヘッダー ファイル\gameSystem\Collision</Filter>
    </ClInclude>
    <ClInclude Include="include\gameSystem\Collision\Vector3.h">
      <Filter>ヘッダー ファイル\gameSystem\Collision</Filter>
    </ClInclude>
    <ClInclude Include="include\gameSystem\AttackBase.h">
      <Filter>ヘッダー ファイル\gameSystem</Filter>
    </ClInclude>
    <ClInclude Include="include\gameSystem\GameFunction.h">
      <Filter>ヘッダー ファイル\gameSystem</Filter>
    </ClInclude>
    <ClInclude Include="include\gameSystem\Setting.h">
      <Filter>ヘッダー ファイル\gameSystem</Filter>
    </ClInclude>
    <ClInclude Include="include\input\Input.h">
      <Filter>ヘッダー ファイル\input</Filter>
    </ClInclude>
    <ClInclude Include="include\input\XinputControll.h">
      <Filter>ヘッダー ファイル\input</Filter>
    </ClInclude>
    <ClInclude Include="include\object\Boss.h">
      <Filter>ヘッダー ファイル\object\gameObject</Filter>
    </ClInclude>
    <ClInclude Include="include\object\Enemy.h">
      <Filter>ヘッダー ファイル\object\gameObject</Filter>
    </ClInclude>
    <ClInclude Include="include\object\ObjectManager.h">
      <Filter>ヘッダー ファイル\object\gameObject</Filter>
    </ClInclude>
    <ClInclude Include="include\object\Player.h">
      <Filter>ヘッダー ファイル\object\gameObject</Filter>
    </ClInclude>
    <ClInclude Include="include\object\Model.h">
      <Filter>ヘッダー ファイル\object</Filter>
    </ClInclude>
    <ClInclude Include="include\object\Object.h">
      <Filter>ヘッダー ファイル\object</Filter>
    </ClInclude>
    <ClInclude Include="include\object\Sprite2D.h">
      <Filter>ヘッダー ファイル\object</Filter>
    </ClInclude>
    <ClInclude Include="include\object\SpriteLoadDefine.h">
      <Filter>ヘッダー ファイル\object</Filter>
    </ClInclude>
  </ItemGroup>
  <ItemGroup>
    <FxCompile Include="Resources\shader\OBJPixelShader.hlsl">
      <Filter>リソース ファイル</Filter>
    </FxCompile>
    <FxCompile Include="Resources\shader\OBJVertexShader.hlsl">
      <Filter>リソース ファイル</Filter>
    </FxCompile>
    <FxCompile Include="Resources\shader\SpritePixelShader.hlsl">
      <Filter>リソース ファイル</Filter>
    </FxCompile>
    <FxCompile Include="Resources\shader\SpriteVertexShader.hlsl">
      <Filter>リソース ファイル</Filter>
    </FxCompile>
    <FxCompile Include="Resources\shader\ToonPixelShader.hlsl">
      <Filter>リソース ファイル</Filter>
    </FxCompile>
    <FxCompile Include="Resources\shader\ToonVertexShader.hlsl">
      <Filter>リソース ファイル</Filter>
    </FxCompile>
  </ItemGroup>
  <ItemGroup>
    <None Include="Resources\shader\OBJShaderHeader.hlsli">
      <Filter>リソース ファイル</Filter>
    </None>
    <None Include="Resources\shader\SpriteShaderHeader.hlsli">
      <Filter>リソース ファイル</Filter>
    </None>
  </ItemGroup>
</Project>